
Microsoft Visual Studio Solution File, Format Version 12.00
# Visual Studio Version 17
VisualStudioVersion = 17.8.34330.188
MinimumVisualStudioVersion = 10.0.40219.1
Project("{FAE04EC0-301F-11D3-BF4B-00C04F79EFBC}") = "raytracer", "raytracer\raytracer.csproj", "{6B190541-3470-4334-ACA8-B7FAA666AFB9}"
EndProject
Global
	GlobalSection(SolutionConfigurationPlatforms) = preSolution
		Debug|Any CPU = Debug|Any CPU
		Release|Any CPU = Release|Any CPU
	EndGlobalSection
	GlobalSection(ProjectConfigurationPlatforms) = postSolution
		{6B190541-3470-4334-ACA8-B7FAA666AFB9}.Debug|Any CPU.ActiveCfg = Debug|Any CPU
		{6B190541-3470-4334-ACA8-B7FAA666AFB9}.Debug|Any CPU.Build.0 = Debug|Any CPU
		{6B190541-3470-4334-ACA8-B7FAA666AFB9}.Release|Any CPU.ActiveCfg = Release|Any CPU
		{6B190541-3470-4334-ACA8-B7FAA666AFB9}.Release|Any CPU.Build.0 = Release|Any CPU
	EndGlobalSection
	GlobalSection(SolutionProperties) = preSolution
		HideSolutionNode = FALSE
	EndGlobalSection
	GlobalSection(ExtensibilityGlobals) = postSolution
		SolutionGuid = {35BCC1E1-371B-427A-9472-61DBEA901C92}
	EndGlobalSection
EndGlobal
